// !$*UTF8*$!
{
	archiveVersion = 1;
	classes = {
	};
	objectVersion = 46;
	objects = {

/* Begin PBXBuildFile section */
		831C8C371E27588700F94E71 /* main.m in Sources */ = {isa = PBXBuildFile; fileRef = 831C8C361E27588700F94E71 /* main.m */; };
		831C8C3A1E27588700F94E71 /* AppDelegate.m in Sources */ = {isa = PBXBuildFile; fileRef = 831C8C391E27588700F94E71 /* AppDelegate.m */; };
		831C8C3D1E27588700F94E71 /* ViewController.m in Sources */ = {isa = PBXBuildFile; fileRef = 831C8C3C1E27588700F94E71 /* ViewController.m */; };
		831C8C401E27588700F94E71 /* Main.storyboard in Resources */ = {isa = PBXBuildFile; fileRef = 831C8C3E1E27588700F94E71 /* Main.storyboard */; };
		831C8C421E27588700F94E71 /* Assets.xcassets in Resources */ = {isa = PBXBuildFile; fileRef = 831C8C411E27588700F94E71 /* Assets.xcassets */; };
		831C8C451E27588700F94E71 /* LaunchScreen.storyboard in Resources */ = {isa = PBXBuildFile; fileRef = 831C8C431E27588700F94E71 /* LaunchScreen.storyboard */; };
		831C8C501E27588700F94E71 /* FireTeamTests.m in Sources */ = {isa = PBXBuildFile; fileRef = 831C8C4F1E27588700F94E71 /* FireTeamTests.m */; };
/* End PBXBuildFile section */

/* Begin PBXContainerItemProxy section */
		831C8C4C1E27588700F94E71 /* PBXContainerItemProxy */ = {
			isa = PBXContainerItemProxy;
			containerPortal = 831C8C2A1E27588700F94E71 /* Project object */;
			proxyType = 1;
			remoteGlobalIDString = 831C8C311E27588700F94E71;
			remoteInfo = FireTeam;
		};
/* End PBXContainerItemProxy section */

/* Begin PBXFileReference section */
		831C8C321E27588700F94E71 /* FireTeam.app */ = {isa = PBXFileReference; explicitFileType = wrapper.application; includeInIndex = 0; path = FireTeam.app; sourceTree = BUILT_PRODUCTS_DIR; };
		831C8C361E27588700F94E71 /* main.m */ = {isa = PBXFileReference; lastKnownFileType = sourcecode.c.objc; path = main.m; sourceTree = "<group>"; };
		831C8C381E27588700F94E71 /* AppDelegate.h */ = {isa = PBXFileReference; lastKnownFileType = sourcecode.c.h; path = AppDelegate.h; sourceTree = "<group>"; };
		831C8C391E27588700F94E71 /* AppDelegate.m */ = {isa = PBXFileReference; lastKnownFileType = sourcecode.c.objc; path = AppDelegate.m; sourceTree = "<group>"; };
		831C8C3B1E27588700F94E71 /* ViewController.h */ = {isa = PBXFileReference; lastKnownFileType = sourcecode.c.h; path = ViewController.h; sourceTree = "<group>"; };
		831C8C3C1E27588700F94E71 /* ViewController.m */ = {isa = PBXFileReference; lastKnownFileType = sourcecode.c.objc; path = ViewController.m; sourceTree = "<group>"; };
		831C8C3F1E27588700F94E71 /* Base */ = {isa = PBXFileReference; lastKnownFileType = file.storyboard; name = Base; path = Base.lproj/Main.storyboard; sourceTree = "<group>"; };
		831C8C411E27588700F94E71 /* Assets.xcassets */ = {isa = PBXFileReference; lastKnownFileType = folder.assetcatalog; path = Assets.xcassets; sourceTree = "<group>"; };
		831C8C441E27588700F94E71 /* Base */ = {isa = PBXFileReference; lastKnownFileType = file.storyboard; name = Base; path = Base.lproj/LaunchScreen.storyboard; sourceTree = "<group>"; };
		831C8C461E27588700F94E71 /* Info.plist */ = {isa = PBXFileReference; lastKnownFileType = text.plist.xml; path = Info.plist; sourceTree = "<group>"; };
		831C8C4B1E27588700F94E71 /* FireTeamTests.xctest */ = {isa = PBXFileReference; explicitFileType = wrapper.cfbundle; includeInIndex = 0; path = FireTeamTests.xctest; sourceTree = BUILT_PRODUCTS_DIR; };
		831C8C4F1E27588700F94E71 /* FireTeamTests.m */ = {isa = PBXFileReference; lastKnownFileType = sourcecode.c.objc; path = FireTeamTests.m; sourceTree = "<group>"; };
		831C8C511E27588700F94E71 /* Info.plist */ = {isa = PBXFileReference; lastKnownFileType = text.plist.xml; path = Info.plist; sourceTree = "<group>"; };
/* End PBXFileReference section */

/* Begin PBXFrameworksBuildPhase section */
		831C8C2F1E27588700F94E71 /* Frameworks */ = {
			isa = PBXFrameworksBuildPhase;
			buildActionMask = 2147483647;
			files = (
			);
			runOnlyForDeploymentPostprocessing = 0;
		};
		831C8C481E27588700F94E71 /* Frameworks */ = {
			isa = PBXFrameworksBuildPhase;
			buildActionMask = 2147483647;
			files = (
			);
			runOnlyForDeploymentPostprocessing = 0;
		};
/* End PBXFrameworksBuildPhase section */

/* Begin PBXGroup section */
		831C8C291E27588700F94E71 = {
			isa = PBXGroup;
			children = (
				831C8C341E27588700F94E71 /* FireTeam */,
				831C8C4E1E27588700F94E71 /* FireTeamTests */,
				831C8C331E27588700F94E71 /* Products */,
			);
			sourceTree = "<group>";
		};
		831C8C331E27588700F94E71 /* Products */ = {
			isa = PBXGroup;
			children = (
				831C8C321E27588700F94E71 /* FireTeam.app */,
				831C8C4B1E27588700F94E71 /* FireTeamTests.xctest */,
			);
			name = Products;
			sourceTree = "<group>";
		};
		831C8C341E27588700F94E71 /* FireTeam */ = {
			isa = PBXGroup;
			children = (
				831C8C381E27588700F94E71 /* AppDelegate.h */,
				831C8C391E27588700F94E71 /* AppDelegate.m */,
				831C8C3B1E27588700F94E71 /* ViewController.h */,
				831C8C3C1E27588700F94E71 /* ViewController.m */,
				831C8C3E1E27588700F94E71 /* Main.storyboard */,
				831C8C411E27588700F94E71 /* Assets.xcassets */,
				831C8C431E27588700F94E71 /* LaunchScreen.storyboard */,
				831C8C461E27588700F94E71 /* Info.plist */,
				831C8C351E27588700F94E71 /* Supporting Files */,
			);
			path = FireTeam;
			sourceTree = "<group>";
		};
		831C8C351E27588700F94E71 /* Supporting Files */ = {
			isa = PBXGroup;
			children = (
				831C8C361E27588700F94E71 /* main.m */,
			);
			name = "Supporting Files";
			sourceTree = "<group>";
		};
		831C8C4E1E27588700F94E71 /* FireTeamTests */ = {
			isa = PBXGroup;
			children = (
				831C8C4F1E27588700F94E71 /* FireTeamTests.m */,
				831C8C511E27588700F94E71 /* Info.plist */,
			);
			path = FireTeamTests;
			sourceTree = "<group>";
		};
/* End PBXGroup section */

/* Begin PBXNativeTarget section */
		831C8C311E27588700F94E71 /* FireTeam */ = {
			isa = PBXNativeTarget;
			buildConfigurationList = 831C8C541E27588700F94E71 /* Build configuration list for PBXNativeTarget "FireTeam" */;
			buildPhases = (
				831C8C2E1E27588700F94E71 /* Sources */,
				831C8C2F1E27588700F94E71 /* Frameworks */,
				831C8C301E27588700F94E71 /* Resources */,
			);
			buildRules = (
			);
			dependencies = (
			);
			name = FireTeam;
			productName = FireTeam;
			productReference = 831C8C321E27588700F94E71 /* FireTeam.app */;
			productType = "com.apple.product-type.application";
		};
		831C8C4A1E27588700F94E71 /* FireTeamTests */ = {
			isa = PBXNativeTarget;
			buildConfigurationList = 831C8C571E27588700F94E71 /* Build configuration list for PBXNativeTarget "FireTeamTests" */;
			buildPhases = (
				831C8C471E27588700F94E71 /* Sources */,
				831C8C481E27588700F94E71 /* Frameworks */,
				831C8C491E27588700F94E71 /* Resources */,
			);
			buildRules = (
			);
			dependencies = (
				831C8C4D1E27588700F94E71 /* PBXTargetDependency */,
			);
			name = FireTeamTests;
			productName = FireTeamTests;
			productReference = 831C8C4B1E27588700F94E71 /* FireTeamTests.xctest */;
			productType = "com.apple.product-type.bundle.unit-test";
		};
/* End PBXNativeTarget section */

/* Begin PBXProject section */
		831C8C2A1E27588700F94E71 /* Project object */ = {
			isa = PBXProject;
			attributes = {
				LastUpgradeCheck = 0820;
				ORGANIZATIONNAME = GorCat;
				TargetAttributes = {
					831C8C311E27588700F94E71 = {
						CreatedOnToolsVersion = 8.2.1;
						ProvisioningStyle = Automatic;
					};
					831C8C4A1E27588700F94E71 = {
						CreatedOnToolsVersion = 8.2.1;
						ProvisioningStyle = Automatic;
						TestTargetID = 831C8C311E27588700F94E71;
					};
				};
			};
			buildConfigurationList = 831C8C2D1E27588700F94E71 /* Build configuration list for PBXProject "FireTeam" */;
			compatibilityVersion = "Xcode 3.2";
			developmentRegion = English;
			hasScannedForEncodings = 0;
			knownRegions = (
				en,
				Base,
			);
			mainGroup = 831C8C291E27588700F94E71;
			productRefGroup = 831C8C331E27588700F94E71 /* Products */;
			projectDirPath = "";
			projectRoot = "";
			targets = (
				831C8C311E27588700F94E71 /* FireTeam */,
				831C8C4A1E27588700F94E71 /* FireTeamTests */,
			);
		};
/* End PBXProject section */

/* Begin PBXResourcesBuildPhase section */
		831C8C301E27588700F94E71 /* Resources */ = {
			isa = PBXResourcesBuildPhase;
			buildActionMask = 2147483647;
			files = (
				831C8C451E27588700F94E71 /* LaunchScreen.storyboard in Resources */,
				831C8C421E27588700F94E71 /* Assets.xcassets in Resources */,
				831C8C401E27588700F94E71 /* Main.storyboard in Resources */,
			);
			runOnlyForDeploymentPostprocessing = 0;
		};
		831C8C491E27588700F94E71 /* Resources */ = {
			isa = PBXResourcesBuildPhase;
			buildActionMask = 2147483647;
			files = (
			);
			runOnlyForDeploymentPostprocessing = 0;
		};
/* End PBXResourcesBuildPhase section */

/* Begin PBXSourcesBuildPhase section */
		831C8C2E1E27588700F94E71 /* Sources */ = {
			isa = PBXSourcesBuildPhase;
			buildActionMask = 2147483647;
			files = (
				831C8C3D1E27588700F94E71 /* ViewController.m in Sources */,
				831C8C3A1E27588700F94E71 /* AppDelegate.m in Sources */,
				831C8C371E27588700F94E71 /* main.m in Sources */,
			);
			runOnlyForDeploymentPostprocessing = 0;
		};
		831C8C471E27588700F94E71 /* Sources */ = {
			isa = PBXSourcesBuildPhase;
			buildActionMask = 2147483647;
			files = (
				831C8C501E27588700F94E71 /* FireTeamTests.m in Sources */,
			);
			runOnlyForDeploymentPostprocessing = 0;
		};
/* End PBXSourcesBuildPhase section */

/* Begin PBXTargetDependency section */
		831C8C4D1E27588700F94E71 /* PBXTargetDependency */ = {
			isa = PBXTargetDependency;
			target = 831C8C311E27588700F94E71 /* FireTeam */;
			targetProxy = 831C8C4C1E27588700F94E71 /* PBXContainerItemProxy */;
		};
/* End PBXTargetDependency section */

/* Begin PBXVariantGroup section */
		831C8C3E1E27588700F94E71 /* Main.storyboard */ = {
			isa = PBXVariantGroup;
			children = (
				831C8C3F1E27588700F94E71 /* Base */,
			);
			name = Main.storyboard;
			sourceTree = "<group>";
		};
		831C8C431E27588700F94E71 /* LaunchScreen.storyboard */ = {
			isa = PBXVariantGroup;
			children = (
				831C8C441E27588700F94E71 /* Base */,
			);
			name = LaunchScreen.storyboard;
			sourceTree = "<group>";
		};
/* End PBXVariantGroup section */

/* Begin XCBuildConfiguration section */
		831C8C521E27588700F94E71 /* Debug */ = {
			isa = XCBuildConfiguration;
			buildSettings = {
				ALWAYS_SEARCH_USER_PATHS = NO;
				CLANG_ANALYZER_NONNULL = YES;
				CLANG_CXX_LANGUAGE_STANDARD = "gnu++0x";
				CLANG_CXX_LIBRARY = "libc++";
				CLANG_ENABLE_MODULES = YES;
				CLANG_ENABLE_OBJC_ARC = YES;
				CLANG_WARN_BOOL_CONVERSION = YES;
				CLANG_WARN_CONSTANT_CONVERSION = YES;
				CLANG_WARN_DIRECT_OBJC_ISA_USAGE = YES_ERROR;
				CLANG_WARN_DOCUMENTATION_COMMENTS = YES;
				CLANG_WARN_EMPTY_BODY = YES;
				CLANG_WARN_ENUM_CONVERSION = YES;
				CLANG_WARN_INFINITE_RECURSION = YES;
				CLANG_WARN_INT_CONVERSION = YES;
				CLANG_WARN_OBJC_ROOT_CLASS = YES_ERROR;
				CLANG_WARN_SUSPICIOUS_MOVE = YES;
				CLANG_WARN_UNREACHABLE_CODE = YES;
				CLANG_WARN__DUPLICATE_METHOD_MATCH = YES;
				"CODE_SIGN_IDENTITY[sdk=iphoneos*]" = "iPhone Developer";
				COPY_PHASE_STRIP = NO;
				DEBUG_INFORMATION_FORMAT = dwarf;
				ENABLE_STRICT_OBJC_MSGSEND = YES;
				ENABLE_TESTABILITY = YES;
				GCC_C_LANGUAGE_STANDARD = gnu99;
				GCC_DYNAMIC_NO_PIC = NO;
				GCC_NO_COMMON_BLOCKS = YES;
				GCC_OPTIMIZATION_LEVEL = 0;
				GCC_PREPROCESSOR_DEFINITIONS = (
					"DEBUG=1",
					"$(inherited)",
				);
				GCC_WARN_64_TO_32_BIT_CONVERSION = YES;
				GCC_WARN_ABOUT_RETURN_TYPE = YES_ERROR;
				GCC_WARN_UNDECLARED_SELECTOR = YES;
				GCC_WARN_UNINITIALIZED_AUTOS = YES_AGGRESSIVE;
				GCC_WARN_UNUSED_FUNCTION = YES;
				GCC_WARN_UNUSED_VARIABLE = YES;
				IPHONEOS_DEPLOYMENT_TARGET = 10.2;
				MTL_ENABLE_DEBUG_INFO = YES;
				ONLY_ACTIVE_ARCH = YES;
				SDKROOT = iphoneos;
				TARGETED_DEVICE_FAMILY = "1,2";
			};
			name = Debug;
		};
		831C8C531E27588700F94E71 /* Release */ = {
			isa = XCBuildConfiguration;
			buildSettings = {
				ALWAYS_SEARCH_USER_PATHS = NO;
				CLANG_ANALYZER_NONNULL = YES;
				CLANG_CXX_LANGUAGE_STANDARD = "gnu++0x";
				CLANG_CXX_LIBRARY = "libc++";
				CLANG_ENABLE_MODULES = YES;
				CLANG_ENABLE_OBJC_ARC = YES;
				CLANG_WARN_BOOL_CONVERSION = YES;
				CLANG_WARN_CONSTANT_CONVERSION = YES;
				CLANG_WARN_DIRECT_OBJC_ISA_USAGE = YES_ERROR;
				CLANG_WARN_DOCUMENTATION_COMMENTS = YES;
				CLANG_WARN_EMPTY_BODY = YES;
				CLANG_WARN_ENUM_CONVERSION = YES;
				CLANG_WARN_INFINITE_RECURSION = YES;
				CLANG_WARN_INT_CONVERSION = YES;
				CLANG_WARN_OBJC_ROOT_CLASS = YES_ERROR;
				CLANG_WARN_SUSPICIOUS_MOVE = YES;
				CLANG_WARN_UNREACHABLE_CODE = YES;
				CLANG_WARN__DUPLICATE_METHOD_MATCH = YES;
				"CODE_SIGN_IDENTITY[sdk=iphoneos*]" = "iPhone Developer";
				COPY_PHASE_STRIP = NO;
				DEBUG_INFORMATION_FORMAT = "dwarf-with-dsym";
				ENABLE_NS_ASSERTIONS = NO;
				ENABLE_STRICT_OBJC_MSGSEND = YES;
				GCC_C_LANGUAGE_STANDARD = gnu99;
				GCC_NO_COMMON_BLOCKS = YES;
				GCC_WARN_64_TO_32_BIT_CONVERSION = YES;
				GCC_WARN_ABOUT_RETURN_TYPE = YES_ERROR;
				GCC_WARN_UNDECLARED_SELECTOR = YES;
				GCC_WARN_UNINITIALIZED_AUTOS = YES_AGGRESSIVE;
				GCC_WARN_UNUSED_FUNCTION = YES;
				GCC_WARN_UNUSED_VARIABLE = YES;
				IPHONEOS_DEPLOYMENT_TARGET = 10.2;
				MTL_ENABLE_DEBUG_INFO = NO;
				SDKROOT = iphoneos;
				TARGETED_DEVICE_FAMILY = "1,2";
				VALIDATE_PRODUCT = YES;
			};
			name = Release;
		};
		831C8C551E27588700F94E71 /* Debug */ = {
			isa = XCBuildConfiguration;
			buildSettings = {
				ASSETCATALOG_COMPILER_APPICON_NAME = AppIcon;
				INFOPLIST_FILE = FireTeam/Info.plist;
				LD_RUNPATH_SEARCH_PATHS = "$(inherited) @executable_path/Frameworks";
				PRODUCT_BUNDLE_IDENTIFIER = com.stanford.gorcat.FireTeam;
				PRODUCT_NAME = "$(TARGET_NAME)";
			};
			name = Debug;
		};
		831C8C561E27588700F94E71 /* Release */ = {
			isa = XCBuildConfiguration;
			buildSettings = {
				ASSETCATALOG_COMPILER_APPICON_NAME = AppIcon;
				INFOPLIST_FILE = FireTeam/Info.plist;
				LD_RUNPATH_SEARCH_PATHS = "$(inherited) @executable_path/Frameworks";
				PRODUCT_BUNDLE_IDENTIFIER = com.stanford.gorcat.FireTeam;
				PRODUCT_NAME = "$(TARGET_NAME)";
			};
			name = Release;
		};
		831C8C581E27588700F94E71 /* Debug */ = {
			isa = XCBuildConfiguration;
			buildSettings = {
				BUNDLE_LOADER = "$(TEST_HOST)";
				INFOPLIST_FILE = FireTeamTests/Info.plist;
				LD_RUNPATH_SEARCH_PATHS = "$(inherited) @executable_path/Frameworks @loader_path/Frameworks";
				PRODUCT_BUNDLE_IDENTIFIER = com.stanford.gorcat.FireTeamTests;
				PRODUCT_NAME = "$(TARGET_NAME)";
				TEST_HOST = "$(BUILT_PRODUCTS_DIR)/FireTeam.app/FireTeam";
			};
			name = Debug;
		};
		831C8C591E27588700F94E71 /* Release */ = {
			isa = XCBuildConfiguration;
			buildSettings = {
				BUNDLE_LOADER = "$(TEST_HOST)";
				INFOPLIST_FILE = FireTeamTests/Info.plist;
				LD_RUNPATH_SEARCH_PATHS = "$(inherited) @executable_path/Frameworks @loader_path/Frameworks";
				PRODUCT_BUNDLE_IDENTIFIER = com.stanford.gorcat.FireTeamTests;
				PRODUCT_NAME = "$(TARGET_NAME)";
				TEST_HOST = "$(BUILT_PRODUCTS_DIR)/FireTeam.app/FireTeam";
			};
			name = Release;
		};
/* End XCBuildConfiguration section */

/* Begin XCConfigurationList section */
		831C8C2D1E27588700F94E71 /* Build configuration list for PBXProject "FireTeam" */ = {
			isa = XCConfigurationList;
			buildConfigurations = (
				831C8C521E27588700F94E71 /* Debug */,
				831C8C531E27588700F94E71 /* Release */,
			);
			defaultConfigurationIsVisible = 0;
			defaultConfigurationName = Release;
		};
		831C8C541E27588700F94E71 /* Build configuration list for PBXNativeTarget "FireTeam" */ = {
			isa = XCConfigurationList;
			buildConfigurations = (
				831C8C551E27588700F94E71 /* Debug */,
				831C8C561E27588700F94E71 /* Release */,
			);
			defaultConfigurationIsVisible = 0;
		};
		831C8C571E27588700F94E71 /* Build configuration list for PBXNativeTarget "FireTeamTests" */ = {
			isa = XCConfigurationList;
			buildConfigurations = (
				831C8C581E27588700F94E71 /* Debug */,
				831C8C591E27588700F94E71 /* Release */,
			);
			defaultConfigurationIsVisible = 0;
		};
/* End XCConfigurationList section */
	};
	rootObject = 831C8C2A1E27588700F94E71 /* Project object */;
}
